
Microsoft Visual Studio Solution File, Format Version 12.00
# Visual Studio Version 17
VisualStudioVersion = 17.9.34622.214
MinimumVisualStudioVersion = 10.0.40219.1
Project("{FAE04EC0-301F-11D3-BF4B-00C04F79EFBC}") = "HydroVisionPRO", "HydroVisionFW\HydroVisionPRO.csproj", "{D5151055-09A2-4CFB-BEAC-CF762C94C60F}"
EndProject
Project("{FAE04EC0-301F-11D3-BF4B-00C04F79EFBC}") = "MathWater", "..\..\..\vs-repos\Water\MathWater\MathWater\MathWater.csproj", "{5D9D4FEE-7694-4E7B-8C30-C1ACF70FEF7E}"
EndProject
Project("{FAE04EC0-301F-11D3-BF4B-00C04F79EFBC}") = "WPF_Design_Test", "WPF_Design_Test\WPF_Design_Test.csproj", "{B598A511-84A9-4BD2-93BE-25A110D36576}"
EndProject
Global
	GlobalSection(SolutionConfigurationPlatforms) = preSolution
		Debug|Any CPU = Debug|Any CPU
		Release|Any CPU = Release|Any CPU
	EndGlobalSection
	GlobalSection(ProjectConfigurationPlatforms) = postSolution
		{D5151055-09A2-4CFB-BEAC-CF762C94C60F}.Debug|Any CPU.ActiveCfg = Debug|Any CPU
		{D5151055-09A2-4CFB-BEAC-CF762C94C60F}.Debug|Any CPU.Build.0 = Debug|Any CPU
		{D5151055-09A2-4CFB-BEAC-CF762C94C60F}.Release|Any CPU.ActiveCfg = Release|Any CPU
		{D5151055-09A2-4CFB-BEAC-CF762C94C60F}.Release|Any CPU.Build.0 = Release|Any CPU
		{5D9D4FEE-7694-4E7B-8C30-C1ACF70FEF7E}.Debug|Any CPU.ActiveCfg = Debug|Any CPU
		{5D9D4FEE-7694-4E7B-8C30-C1ACF70FEF7E}.Debug|Any CPU.Build.0 = Debug|Any CPU
		{5D9D4FEE-7694-4E7B-8C30-C1ACF70FEF7E}.Release|Any CPU.ActiveCfg = Release|Any CPU
		{5D9D4FEE-7694-4E7B-8C30-C1ACF70FEF7E}.Release|Any CPU.Build.0 = Release|Any CPU
		{B598A511-84A9-4BD2-93BE-25A110D36576}.Debug|Any CPU.ActiveCfg = Debug|Any CPU
		{B598A511-84A9-4BD2-93BE-25A110D36576}.Debug|Any CPU.Build.0 = Debug|Any CPU
		{B598A511-84A9-4BD2-93BE-25A110D36576}.Release|Any CPU.ActiveCfg = Release|Any CPU
		{B598A511-84A9-4BD2-93BE-25A110D36576}.Release|Any CPU.Build.0 = Release|Any CPU
	EndGlobalSection
	GlobalSection(SolutionProperties) = preSolution
		HideSolutionNode = FALSE
	EndGlobalSection
	GlobalSection(ExtensibilityGlobals) = postSolution
		SolutionGuid = {AF92F7BA-7232-4BBB-97AE-AE6EC6B8E569}
	EndGlobalSection
EndGlobal
